
Microsoft Visual Studio Solution File, Format Version 12.00
Project("{FAE04EC0-301F-11D3-BF4B-00C04F79EFBC}") = "EventsSchedule", "EventsSchedule\EventsSchedule.csproj", "{A416184B-4577-4865-BE8E-F39AF57ECDFC}"
EndProject
Global
	GlobalSection(SolutionConfigurationPlatforms) = preSolution
		Debug|Any CPU = Debug|Any CPU
		Release|Any CPU = Release|Any CPU
	EndGlobalSection
	GlobalSection(ProjectConfigurationPlatforms) = postSolution
		{A416184B-4577-4865-BE8E-F39AF57ECDFC}.Debug|Any CPU.ActiveCfg = Debug|Any CPU
		{A416184B-4577-4865-BE8E-F39AF57ECDFC}.Debug|Any CPU.Build.0 = Debug|Any CPU
		{A416184B-4577-4865-BE8E-F39AF57ECDFC}.Release|Any CPU.ActiveCfg = Release|Any CPU
		{A416184B-4577-4865-BE8E-F39AF57ECDFC}.Release|Any CPU.Build.0 = Release|Any CPU
	EndGlobalSection
EndGlobal
